
Microsoft Visual Studio Solution File, Format Version 12.00
# Visual Studio Version 17
VisualStudioVersion = 17.8.34511.84
MinimumVisualStudioVersion = 10.0.40219.1
Project("{FAE04EC0-301F-11D3-BF4B-00C04F79EFBC}") = "Entidades", "Entidades\Entidades.csproj", "{0CDAC5FD-08C1-48B4-9C73-71EBE58102AF}"
EndProject
Project("{FAE04EC0-301F-11D3-BF4B-00C04F79EFBC}") = "Vista", "Vista\Vista.csproj", "{595E0653-B498-4F5F-8136-9E54B1E8E3C6}"
EndProject
Global
	GlobalSection(SolutionConfigurationPlatforms) = preSolution
		Debug|Any CPU = Debug|Any CPU
		Release|Any CPU = Release|Any CPU
	EndGlobalSection
	GlobalSection(ProjectConfigurationPlatforms) = postSolution
		{0CDAC5FD-08C1-48B4-9C73-71EBE58102AF}.Debug|Any CPU.ActiveCfg = Debug|Any CPU
		{0CDAC5FD-08C1-48B4-9C73-71EBE58102AF}.Debug|Any CPU.Build.0 = Debug|Any CPU
		{0CDAC5FD-08C1-48B4-9C73-71EBE58102AF}.Release|Any CPU.ActiveCfg = Release|Any CPU
		{0CDAC5FD-08C1-48B4-9C73-71EBE58102AF}.Release|Any CPU.Build.0 = Release|Any CPU
		{595E0653-B498-4F5F-8136-9E54B1E8E3C6}.Debug|Any CPU.ActiveCfg = Debug|Any CPU
		{595E0653-B498-4F5F-8136-9E54B1E8E3C6}.Debug|Any CPU.Build.0 = Debug|Any CPU
		{595E0653-B498-4F5F-8136-9E54B1E8E3C6}.Release|Any CPU.ActiveCfg = Release|Any CPU
		{595E0653-B498-4F5F-8136-9E54B1E8E3C6}.Release|Any CPU.Build.0 = Release|Any CPU
	EndGlobalSection
	GlobalSection(SolutionProperties) = preSolution
		HideSolutionNode = FALSE
	EndGlobalSection
	GlobalSection(ExtensibilityGlobals) = postSolution
		SolutionGuid = {F321BE50-E269-4414-8488-06022FD2933E}
	EndGlobalSection
EndGlobal
